// !$*UTF8*$!
{
	archiveVersion = 1;
	classes = {
	};
	objectVersion = 46;
	objects = {

/* Begin PBXBuildFile section */
		8397205D1E6AA9CC00B30D6F /* AppDelegate.swift in Sources */ = {isa = PBXBuildFile; fileRef = 8397205C1E6AA9CC00B30D6F /* AppDelegate.swift */; };
		8397205F1E6AA9CC00B30D6F /* ViewController.swift in Sources */ = {isa = PBXBuildFile; fileRef = 8397205E1E6AA9CC00B30D6F /* ViewController.swift */; };
		839720621E6AA9CC00B30D6F /* Main.storyboard in Resources */ = {isa = PBXBuildFile; fileRef = 839720601E6AA9CC00B30D6F /* Main.storyboard */; };
		839720641E6AA9CC00B30D6F /* Assets.xcassets in Resources */ = {isa = PBXBuildFile; fileRef = 839720631E6AA9CC00B30D6F /* Assets.xcassets */; };
		839720671E6AA9CC00B30D6F /* LaunchScreen.storyboard in Resources */ = {isa = PBXBuildFile; fileRef = 839720651E6AA9CC00B30D6F /* LaunchScreen.storyboard */; };
		8397206F1E6AB70400B30D6F /* DetailViewController.swift in Sources */ = {isa = PBXBuildFile; fileRef = 8397206E1E6AB70400B30D6F /* DetailViewController.swift */; };
/* End PBXBuildFile section */

/* Begin PBXFileReference section */
		839720591E6AA9CC00B30D6F /* Animals.app */ = {isa = PBXFileReference; explicitFileType = wrapper.application; includeInIndex = 0; path = Animals.app; sourceTree = BUILT_PRODUCTS_DIR; };
		8397205C1E6AA9CC00B30D6F /* AppDelegate.swift */ = {isa = PBXFileReference; lastKnownFileType = sourcecode.swift; path = AppDelegate.swift; sourceTree = "<group>"; };
		8397205E1E6AA9CC00B30D6F /* ViewController.swift */ = {isa = PBXFileReference; lastKnownFileType = sourcecode.swift; path = ViewController.swift; sourceTree = "<group>"; };
		839720611E6AA9CC00B30D6F /* Base */ = {isa = PBXFileReference; lastKnownFileType = file.storyboard; name = Base; path = Base.lproj/Main.storyboard; sourceTree = "<group>"; };
		839720631E6AA9CC00B30D6F /* Assets.xcassets */ = {isa = PBXFileReference; lastKnownFileType = folder.assetcatalog; path = Assets.xcassets; sourceTree = "<group>"; };
		839720661E6AA9CC00B30D6F /* Base */ = {isa = PBXFileReference; lastKnownFileType = file.storyboard; name = Base; path = Base.lproj/LaunchScreen.storyboard; sourceTree = "<group>"; };
		839720681E6AA9CC00B30D6F /* Info.plist */ = {isa = PBXFileReference; lastKnownFileType = text.plist.xml; path = Info.plist; sourceTree = "<group>"; };
		8397206E1E6AB70400B30D6F /* DetailViewController.swift */ = {isa = PBXFileReference; fileEncoding = 4; lastKnownFileType = sourcecode.swift; path = DetailViewController.swift; sourceTree = "<group>"; };
/* End PBXFileReference section */

/* Begin PBXFrameworksBuildPhase section */
		839720561E6AA9CC00B30D6F /* Frameworks */ = {
			isa = PBXFrameworksBuildPhase;
			buildActionMask = 2147483647;
			files = (
			);
			runOnlyForDeploymentPostprocessing = 0;
		};
/* End PBXFrameworksBuildPhase section */

/* Begin PBXGroup section */
		839720501E6AA9CC00B30D6F = {
			isa = PBXGroup;
			children = (
				8397205B1E6AA9CC00B30D6F /* Animals */,
				8397205A1E6AA9CC00B30D6F /* Products */,
			);
			sourceTree = "<group>";
		};
		8397205A1E6AA9CC00B30D6F /* Products */ = {
			isa = PBXGroup;
			children = (
				839720591E6AA9CC00B30D6F /* Animals.app */,
			);
			name = Products;
			sourceTree = "<group>";
		};
		8397205B1E6AA9CC00B30D6F /* Animals */ = {
			isa = PBXGroup;
			children = (
				8397205C1E6AA9CC00B30D6F /* AppDelegate.swift */,
				8397205E1E6AA9CC00B30D6F /* ViewController.swift */,
				839720601E6AA9CC00B30D6F /* Main.storyboard */,
				8397206E1E6AB70400B30D6F /* DetailViewController.swift */,
				839720631E6AA9CC00B30D6F /* Assets.xcassets */,
				839720651E6AA9CC00B30D6F /* LaunchScreen.storyboard */,
				839720681E6AA9CC00B30D6F /* Info.plist */,
			);
			path = Animals;
			sourceTree = "<group>";
		};
/* End PBXGroup section */

/* Begin PBXNativeTarget section */
		839720581E6AA9CC00B30D6F /* Animals */ = {
			isa = PBXNativeTarget;
			buildConfigurationList = 8397206B1E6AA9CC00B30D6F /* Build configuration list for PBXNativeTarget "Animals" */;
			buildPhases = (
				839720551E6AA9CC00B30D6F /* Sources */,
				839720561E6AA9CC00B30D6F /* Frameworks */,
				839720571E6AA9CC00B30D6F /* Resources */,
			);
			buildRules = (
			);
			dependencies = (
			);
			name = Animals;
			productName = Animals;
			productReference = 839720591E6AA9CC00B30D6F /* Animals.app */;
			productType = "com.apple.product-type.application";
		};
/* End PBXNativeTarget section */

/* Begin PBXProject section */
		839720511E6AA9CC00B30D6F /* Project object */ = {
			isa = PBXProject;
			attributes = {
				LastSwiftUpdateCheck = 0820;
				LastUpgradeCheck = 0820;
				ORGANIZATIONNAME = "Kimiko Motoyama";
				TargetAttributes = {
					839720581E6AA9CC00B30D6F = {
						CreatedOnToolsVersion = 8.2.1;
						DevelopmentTeam = FLKG38273K;
						ProvisioningStyle = Automatic;
					};
				};
			};
			buildConfigurationList = 839720541E6AA9CC00B30D6F /* Build configuration list for PBXProject "Animals" */;
			compatibilityVersion = "Xcode 3.2";
			developmentRegion = English;
			hasScannedForEncodings = 0;
			knownRegions = (
				en,
				Base,
			);
			mainGroup = 839720501E6AA9CC00B30D6F;
			productRefGroup = 8397205A1E6AA9CC00B30D6F /* Products */;
			projectDirPath = "";
			projectRoot = "";
			targets = (
				839720581E6AA9CC00B30D6F /* Animals */,
			);
		};
/* End PBXProject section */

/* Begin PBXResourcesBuildPhase section */
		839720571E6AA9CC00B30D6F /* Resources */ = {
			isa = PBXResourcesBuildPhase;
			buildActionMask = 2147483647;
			files = (
				839720671E6AA9CC00B30D6F /* LaunchScreen.storyboard in Resources */,
				839720641E6AA9CC00B30D6F /* Assets.xcassets in Resources */,
				839720621E6AA9CC00B30D6F /* Main.storyboard in Resources */,
			);
			runOnlyForDeploymentPostprocessing = 0;
		};
/* End PBXResourcesBuildPhase section */

/* Begin PBXSourcesBuildPhase section */
		839720551E6AA9CC00B30D6F /* Sources */ = {
			isa = PBXSourcesBuildPhase;
			buildActionMask = 2147483647;
			files = (
				8397206F1E6AB70400B30D6F /* DetailViewController.swift in Sources */,
				8397205F1E6AA9CC00B30D6F /* ViewController.swift in Sources */,
				8397205D1E6AA9CC00B30D6F /* AppDelegate.swift in Sources */,
			);
			runOnlyForDeploymentPostprocessing = 0;
		};
/* End PBXSourcesBuildPhase section */

/* Begin PBXVariantGroup section */
		839720601E6AA9CC00B30D6F /* Main.storyboard */ = {
			isa = PBXVariantGroup;
			children = (
				839720611E6AA9CC00B30D6F /* Base */,
			);
			name = Main.storyboard;
			sourceTree = "<group>";
		};
		839720651E6AA9CC00B30D6F /* LaunchScreen.storyboard */ = {
			isa = PBXVariantGroup;
			children = (
				839720661E6AA9CC00B30D6F /* Base */,
			);
			name = LaunchScreen.storyboard;
			sourceTree = "<group>";
		};
/* End PBXVariantGroup section */

/* Begin XCBuildConfiguration section */
		839720691E6AA9CC00B30D6F /* Debug */ = {
			isa = XCBuildConfiguration;
			buildSettings = {
				ALWAYS_SEARCH_USER_PATHS = NO;
				CLANG_ANALYZER_NONNULL = YES;
				CLANG_CXX_LANGUAGE_STANDARD = "gnu++0x";
				CLANG_CXX_LIBRARY = "libc++";
				CLANG_ENABLE_MODULES = YES;
				CLANG_ENABLE_OBJC_ARC = YES;
				CLANG_WARN_BOOL_CONVERSION = YES;
				CLANG_WARN_CONSTANT_CONVERSION = YES;
				CLANG_WARN_DIRECT_OBJC_ISA_USAGE = YES_ERROR;
				CLANG_WARN_DOCUMENTATION_COMMENTS = YES;
				CLANG_WARN_EMPTY_BODY = YES;
				CLANG_WARN_ENUM_CONVERSION = YES;
				CLANG_WARN_INFINITE_RECURSION = YES;
				CLANG_WARN_INT_CONVERSION = YES;
				CLANG_WARN_OBJC_ROOT_CLASS = YES_ERROR;
				CLANG_WARN_SUSPICIOUS_MOVE = YES;
				CLANG_WARN_UNREACHABLE_CODE = YES;
				CLANG_WARN__DUPLICATE_METHOD_MATCH = YES;
				"CODE_SIGN_IDENTITY[sdk=iphoneos*]" = "iPhone Developer";
				COPY_PHASE_STRIP = NO;
				DEBUG_INFORMATION_FORMAT = dwarf;
				ENABLE_STRICT_OBJC_MSGSEND = YES;
				ENABLE_TESTABILITY = YES;
				GCC_C_LANGUAGE_STANDARD = gnu99;
				GCC_DYNAMIC_NO_PIC = NO;
				GCC_NO_COMMON_BLOCKS = YES;
				GCC_OPTIMIZATION_LEVEL = 0;
				GCC_PREPROCESSOR_DEFINITIONS = (
					"DEBUG=1",
					"$(inherited)",
				);
				GCC_WARN_64_TO_32_BIT_CONVERSION = YES;
				GCC_WARN_ABOUT_RETURN_TYPE = YES_ERROR;
				GCC_WARN_UNDECLARED_SELECTOR = YES;
				GCC_WARN_UNINITIALIZED_AUTOS = YES_AGGRESSIVE;
				GCC_WARN_UNUSED_FUNCTION = YES;
				GCC_WARN_UNUSED_VARIABLE = YES;
				IPHONEOS_DEPLOYMENT_TARGET = 10.2;
				MTL_ENABLE_DEBUG_INFO = YES;
				ONLY_ACTIVE_ARCH = YES;
				SDKROOT = iphoneos;
				SWIFT_ACTIVE_COMPILATION_CONDITIONS = DEBUG;
				SWIFT_OPTIMIZATION_LEVEL = "-Onone";
			};
			name = Debug;
		};
		8397206A1E6AA9CC00B30D6F /* Release */ = {
			isa = XCBuildConfiguration;
			buildSettings = {
				ALWAYS_SEARCH_USER_PATHS = NO;
				CLANG_ANALYZER_NONNULL = YES;
				CLANG_CXX_LANGUAGE_STANDARD = "gnu++0x";
				CLANG_CXX_LIBRARY = "libc++";
				CLANG_ENABLE_MODULES = YES;
				CLANG_ENABLE_OBJC_ARC = YES;
				CLANG_WARN_BOOL_CONVERSION = YES;
				CLANG_WARN_CONSTANT_CONVERSION = YES;
				CLANG_WARN_DIRECT_OBJC_ISA_USAGE = YES_ERROR;
				CLANG_WARN_DOCUMENTATION_COMMENTS = YES;
				CLANG_WARN_EMPTY_BODY = YES;
				CLANG_WARN_ENUM_CONVERSION = YES;
				CLANG_WARN_INFINITE_RECURSION = YES;
				CLANG_WARN_INT_CONVERSION = YES;
				CLANG_WARN_OBJC_ROOT_CLASS = YES_ERROR;
				CLANG_WARN_SUSPICIOUS_MOVE = YES;
				CLANG_WARN_UNREACHABLE_CODE = YES;
				CLANG_WARN__DUPLICATE_METHOD_MATCH = YES;
				"CODE_SIGN_IDENTITY[sdk=iphoneos*]" = "iPhone Developer";
				COPY_PHASE_STRIP = NO;
				DEBUG_INFORMATION_FORMAT = "dwarf-with-dsym";
				ENABLE_NS_ASSERTIONS = NO;
				ENABLE_STRICT_OBJC_MSGSEND = YES;
				GCC_C_LANGUAGE_STANDARD = gnu99;
				GCC_NO_COMMON_BLOCKS = YES;
				GCC_WARN_64_TO_32_BIT_CONVERSION = YES;
				GCC_WARN_ABOUT_RETURN_TYPE = YES_ERROR;
				GCC_WARN_UNDECLARED_SELECTOR = YES;
				GCC_WARN_UNINITIALIZED_AUTOS = YES_AGGRESSIVE;
				GCC_WARN_UNUSED_FUNCTION = YES;
				GCC_WARN_UNUSED_VARIABLE = YES;
				IPHONEOS_DEPLOYMENT_TARGET = 10.2;
				MTL_ENABLE_DEBUG_INFO = NO;
				SDKROOT = iphoneos;
				SWIFT_OPTIMIZATION_LEVEL = "-Owholemodule";
				VALIDATE_PRODUCT = YES;
			};
			name = Release;
		};
		8397206C1E6AA9CC00B30D6F /* Debug */ = {
			isa = XCBuildConfiguration;
			buildSettings = {
				ASSETCATALOG_COMPILER_APPICON_NAME = AppIcon;
				DEVELOPMENT_TEAM = FLKG38273K;
				INFOPLIST_FILE = Animals/Info.plist;
				LD_RUNPATH_SEARCH_PATHS = "$(inherited) @executable_path/Frameworks";
				PRODUCT_BUNDLE_IDENTIFIER = jp.launchcraft.kimiko.Animals;
				PRODUCT_NAME = "$(TARGET_NAME)";
				SWIFT_VERSION = 3.0;
			};
			name = Debug;
		};
		8397206D1E6AA9CC00B30D6F /* Release */ = {
			isa = XCBuildConfiguration;
			buildSettings = {
				ASSETCATALOG_COMPILER_APPICON_NAME = AppIcon;
				DEVELOPMENT_TEAM = FLKG38273K;
				INFOPLIST_FILE = Animals/Info.plist;
				LD_RUNPATH_SEARCH_PATHS = "$(inherited) @executable_path/Frameworks";
				PRODUCT_BUNDLE_IDENTIFIER = jp.launchcraft.kimiko.Animals;
				PRODUCT_NAME = "$(TARGET_NAME)";
				SWIFT_VERSION = 3.0;
			};
			name = Release;
		};
/* End XCBuildConfiguration section */

/* Begin XCConfigurationList section */
		839720541E6AA9CC00B30D6F /* Build configuration list for PBXProject "Animals" */ = {
			isa = XCConfigurationList;
			buildConfigurations = (
				839720691E6AA9CC00B30D6F /* Debug */,
				8397206A1E6AA9CC00B30D6F /* Release */,
			);
			defaultConfigurationIsVisible = 0;
			defaultConfigurationName = Release;
		};
		8397206B1E6AA9CC00B30D6F /* Build configuration list for PBXNativeTarget "Animals" */ = {
			isa = XCConfigurationList;
			buildConfigurations = (
				8397206C1E6AA9CC00B30D6F /* Debug */,
				8397206D1E6AA9CC00B30D6F /* Release */,
			);
			defaultConfigurationIsVisible = 0;
		};
/* End XCConfigurationList section */
	};
	rootObject = 839720511E6AA9CC00B30D6F /* Project object */;
}
